
Microsoft Visual Studio Solution File, Format Version 12.00
# Visual Studio Version 17
VisualStudioVersion = 17.3.32804.467
MinimumVisualStudioVersion = 10.0.40219.1
Project("{FAE04EC0-301F-11D3-BF4B-00C04F79EFBC}") = "Payment.Api", "Payment.Api\Payment.Api.csproj", "{0A9863D8-DE7D-433A-9EEB-4D0187D87548}"
EndProject
Project("{FAE04EC0-301F-11D3-BF4B-00C04F79EFBC}") = "Payment.Api.Tests", "Payment.Api.Tests\Payment.Api.Tests.csproj", "{81F17E99-78FB-49CA-8FD8-7610468075D4}"
EndProject
Global
	GlobalSection(SolutionConfigurationPlatforms) = preSolution
		Debug|Any CPU = Debug|Any CPU
		Release|Any CPU = Release|Any CPU
	EndGlobalSection
	GlobalSection(ProjectConfigurationPlatforms) = postSolution
		{0A9863D8-DE7D-433A-9EEB-4D0187D87548}.Debug|Any CPU.ActiveCfg = Debug|Any CPU
		{0A9863D8-DE7D-433A-9EEB-4D0187D87548}.Debug|Any CPU.Build.0 = Debug|Any CPU
		{0A9863D8-DE7D-433A-9EEB-4D0187D87548}.Release|Any CPU.ActiveCfg = Release|Any CPU
		{0A9863D8-DE7D-433A-9EEB-4D0187D87548}.Release|Any CPU.Build.0 = Release|Any CPU
		{81F17E99-78FB-49CA-8FD8-7610468075D4}.Debug|Any CPU.ActiveCfg = Debug|Any CPU
		{81F17E99-78FB-49CA-8FD8-7610468075D4}.Debug|Any CPU.Build.0 = Debug|Any CPU
		{81F17E99-78FB-49CA-8FD8-7610468075D4}.Release|Any CPU.ActiveCfg = Release|Any CPU
		{81F17E99-78FB-49CA-8FD8-7610468075D4}.Release|Any CPU.Build.0 = Release|Any CPU
	EndGlobalSection
	GlobalSection(SolutionProperties) = preSolution
		HideSolutionNode = FALSE
	EndGlobalSection
	GlobalSection(ExtensibilityGlobals) = postSolution
		SolutionGuid = {E53267AC-7AAA-40A9-B00F-BC3FD9A98FB3}
	EndGlobalSection
EndGlobal
